
Microsoft Visual Studio Solution File, Format Version 12.00
# Visual Studio Version 16
VisualStudioVersion = 16.0.30002.166
MinimumVisualStudioVersion = 10.0.40219.1
Project("{FAE04EC0-301F-11D3-BF4B-00C04F79EFBC}") = "HelloWPF", "HelloWPF\HelloWPF.csproj", "{159DC3EC-C2AF-4BF9-8525-A0A8ADEA3F2A}"
EndProject
Global
	GlobalSection(SolutionConfigurationPlatforms) = preSolution
		Debug|Any CPU = Debug|Any CPU
		Release|Any CPU = Release|Any CPU
	EndGlobalSection
	GlobalSection(ProjectConfigurationPlatforms) = postSolution
		{159DC3EC-C2AF-4BF9-8525-A0A8ADEA3F2A}.Debug|Any CPU.ActiveCfg = Debug|Any CPU
		{159DC3EC-C2AF-4BF9-8525-A0A8ADEA3F2A}.Debug|Any CPU.Build.0 = Debug|Any CPU
		{159DC3EC-C2AF-4BF9-8525-A0A8ADEA3F2A}.Release|Any CPU.ActiveCfg = Release|Any CPU
		{159DC3EC-C2AF-4BF9-8525-A0A8ADEA3F2A}.Release|Any CPU.Build.0 = Release|Any CPU
	EndGlobalSection
	GlobalSection(SolutionProperties) = preSolution
		HideSolutionNode = FALSE
	EndGlobalSection
	GlobalSection(ExtensibilityGlobals) = postSolution
		SolutionGuid = {7789DE07-F610-4653-B37D-77F7983BC79E}
	EndGlobalSection
EndGlobal
